
Microsoft Visual Studio Solution File, Format Version 12.00
# Visual Studio Version 17
VisualStudioVersion = 17.3.32804.467
MinimumVisualStudioVersion = 10.0.40219.1
Project("{FAE04EC0-301F-11D3-BF4B-00C04F79EFBC}") = "lb15", "lb15\lb15.csproj", "{259173D3-E041-44C7-BC03-2D2EC89BB26A}"
EndProject
Global
	GlobalSection(SolutionConfigurationPlatforms) = preSolution
		Debug|Any CPU = Debug|Any CPU
		Release|Any CPU = Release|Any CPU
	EndGlobalSection
	GlobalSection(ProjectConfigurationPlatforms) = postSolution
		{259173D3-E041-44C7-BC03-2D2EC89BB26A}.Debug|Any CPU.ActiveCfg = Debug|Any CPU
		{259173D3-E041-44C7-BC03-2D2EC89BB26A}.Debug|Any CPU.Build.0 = Debug|Any CPU
		{259173D3-E041-44C7-BC03-2D2EC89BB26A}.Release|Any CPU.ActiveCfg = Release|Any CPU
		{259173D3-E041-44C7-BC03-2D2EC89BB26A}.Release|Any CPU.Build.0 = Release|Any CPU
	EndGlobalSection
	GlobalSection(SolutionProperties) = preSolution
		HideSolutionNode = FALSE
	EndGlobalSection
	GlobalSection(ExtensibilityGlobals) = postSolution
		SolutionGuid = {E3D4B2B5-E0D3-4E2A-B365-E1253083353F}
	EndGlobalSection
EndGlobal
